<?xml version="1.0" encoding="UTF-8" standalone="yes" ?>
<CodeBlocks_project_file>
	<FileVersion major="1" minor="6" />
	<Project>
		<Option title="HitPlane" />
		<Option pch_mode="2" />
		<Option compiler="gcc" />
		<Build>
			<Target title="Debug">
				<Option output="bin/Debug/HitPlane" prefix_auto="1" extension_auto="1" />
				<Option object_output="obj/Debug/" />
				<Option type="0" />
				<Option compiler="gcc" />
				<Compiler>
					<Add option="-g" />
				</Compiler>
				<Linker>
					<Add library="C:\Program Files (x86)\CodeBlocks\SFML-2.3\lib\libsfml-graphics-d.a" />
					<Add library="C:\Program Files (x86)\CodeBlocks\SFML-2.3\lib\libsfml-window-d.a" />
					<Add library="C:\Program Files (x86)\CodeBlocks\SFML-2.3\lib\libsfml-system-d.a" />
				</Linker>
			</Target>
			<Target title="Release">
				<Option output="bin/Release/HitPlane" prefix_auto="1" extension_auto="1" />
				<Option object_output="obj/Release/" />
				<Option type="1" />
				<Option compiler="gcc" />
				<Compiler>
					<Add option="-O2" />
				</Compiler>
				<Linker>
					<Add option="-s" />
					<Add library="C:\Program Files (x86)\CodeBlocks\SFML-2.3\lib\libsfml-graphics.a" />
					<Add library="C:\Program Files (x86)\CodeBlocks\SFML-2.3\lib\libsfml-window.a" />
					<Add library="C:\Program Files (x86)\CodeBlocks\SFML-2.3\lib\libsfml-system.a" />
				</Linker>
			</Target>
		</Build>
		<Compiler>
			<Add option="-Wall" />
			<Add directory="C:/Program Files (x86)/CodeBlocks/SFML-2.3/include" />
		</Compiler>
		<Linker>
			<Add directory="C:/Program Files (x86)/CodeBlocks/SFML-2.3/lib" />
		</Linker>
		<Unit filename="main.cpp" />
		<Extensions>
			<code_completion />
			<envvars />
			<debugger />
			<lib_finder disable_auto="1" />
		</Extensions>
	</Project>
</CodeBlocks_project_file>
